// !$*UTF8*$!
{
	archiveVersion = 1;
	classes = {
	};
	objectVersion = 46;
	objects = {

/* Begin PBXBuildFile section */
		7E2C1F8B1B29E55300CC7297 /* ASDDataManager.m in Sources */ = {isa = PBXBuildFile; fileRef = 7E2C1F8A1B29E55300CC7297 /* ASDDataManager.m */; };
		8B7C9EB51B29D357000EB3BA /* CoreSpotlight.framework in Frameworks */ = {isa = PBXBuildFile; fileRef = 8B7C9EB41B29D357000EB3BA /* CoreSpotlight.framework */; };
		8BAEF5381B29C7D40027BF75 /* main.m in Sources */ = {isa = PBXBuildFile; fileRef = 8BAEF5371B29C7D40027BF75 /* main.m */; };
		8BAEF53B1B29C7D40027BF75 /* AppDelegate.m in Sources */ = {isa = PBXBuildFile; fileRef = 8BAEF53A1B29C7D40027BF75 /* AppDelegate.m */; };
		8BAEF53E1B29C7D40027BF75 /* ASDMainViewController.m in Sources */ = {isa = PBXBuildFile; fileRef = 8BAEF53D1B29C7D40027BF75 /* ASDMainViewController.m */; };
		8BAEF5411B29C7D40027BF75 /* Main.storyboard in Resources */ = {isa = PBXBuildFile; fileRef = 8BAEF53F1B29C7D40027BF75 /* Main.storyboard */; };
		8BAEF5431B29C7D40027BF75 /* Assets.xcassets in Resources */ = {isa = PBXBuildFile; fileRef = 8BAEF5421B29C7D40027BF75 /* Assets.xcassets */; };
		8BAEF5461B29C7D40027BF75 /* LaunchScreen.storyboard in Resources */ = {isa = PBXBuildFile; fileRef = 8BAEF5441B29C7D40027BF75 /* LaunchScreen.storyboard */; };
		8BAEF54F1B29CD750027BF75 /* ASDResultsVCViewController.m in Sources */ = {isa = PBXBuildFile; fileRef = 8BAEF54E1B29CD750027BF75 /* ASDResultsVCViewController.m */; };
/* End PBXBuildFile section */

/* Begin PBXFileReference section */
		7E2C1F891B29E55300CC7297 /* ASDDataManager.h */ = {isa = PBXFileReference; fileEncoding = 4; lastKnownFileType = sourcecode.c.h; path = ASDDataManager.h; sourceTree = "<group>"; };
		7E2C1F8A1B29E55300CC7297 /* ASDDataManager.m */ = {isa = PBXFileReference; fileEncoding = 4; lastKnownFileType = sourcecode.c.objc; path = ASDDataManager.m; sourceTree = "<group>"; };
		8B7C9EB41B29D357000EB3BA /* CoreSpotlight.framework */ = {isa = PBXFileReference; lastKnownFileType = wrapper.framework; name = CoreSpotlight.framework; path = System/Library/Frameworks/CoreSpotlight.framework; sourceTree = SDKROOT; };
		8BAEF5331B29C7D40027BF75 /* AppSearchDemo.app */ = {isa = PBXFileReference; explicitFileType = wrapper.application; includeInIndex = 0; path = AppSearchDemo.app; sourceTree = BUILT_PRODUCTS_DIR; };
		8BAEF5371B29C7D40027BF75 /* main.m */ = {isa = PBXFileReference; lastKnownFileType = sourcecode.c.objc; path = main.m; sourceTree = "<group>"; };
		8BAEF5391B29C7D40027BF75 /* AppDelegate.h */ = {isa = PBXFileReference; lastKnownFileType = sourcecode.c.h; path = AppDelegate.h; sourceTree = "<group>"; };
		8BAEF53A1B29C7D40027BF75 /* AppDelegate.m */ = {isa = PBXFileReference; lastKnownFileType = sourcecode.c.objc; path = AppDelegate.m; sourceTree = "<group>"; };
		8BAEF53C1B29C7D40027BF75 /* ASDMainViewController.h */ = {isa = PBXFileReference; lastKnownFileType = sourcecode.c.h; path = ASDMainViewController.h; sourceTree = "<group>"; };
		8BAEF53D1B29C7D40027BF75 /* ASDMainViewController.m */ = {isa = PBXFileReference; lastKnownFileType = sourcecode.c.objc; path = ASDMainViewController.m; sourceTree = "<group>"; };
		8BAEF5401B29C7D40027BF75 /* Base */ = {isa = PBXFileReference; lastKnownFileType = file.storyboard; name = Base; path = Base.lproj/Main.storyboard; sourceTree = "<group>"; };
		8BAEF5421B29C7D40027BF75 /* Assets.xcassets */ = {isa = PBXFileReference; lastKnownFileType = folder.assetcatalog; path = Assets.xcassets; sourceTree = "<group>"; };
		8BAEF5451B29C7D40027BF75 /* Base */ = {isa = PBXFileReference; lastKnownFileType = file.storyboard; name = Base; path = Base.lproj/LaunchScreen.storyboard; sourceTree = "<group>"; };
		8BAEF5471B29C7D40027BF75 /* Info.plist */ = {isa = PBXFileReference; lastKnownFileType = text.plist.xml; path = Info.plist; sourceTree = "<group>"; };
		8BAEF54D1B29CD750027BF75 /* ASDResultsVCViewController.h */ = {isa = PBXFileReference; fileEncoding = 4; lastKnownFileType = sourcecode.c.h; path = ASDResultsVCViewController.h; sourceTree = "<group>"; };
		8BAEF54E1B29CD750027BF75 /* ASDResultsVCViewController.m */ = {isa = PBXFileReference; fileEncoding = 4; lastKnownFileType = sourcecode.c.objc; path = ASDResultsVCViewController.m; sourceTree = "<group>"; };
/* End PBXFileReference section */

/* Begin PBXFrameworksBuildPhase section */
		8BAEF5301B29C7D40027BF75 /* Frameworks */ = {
			isa = PBXFrameworksBuildPhase;
			buildActionMask = 2147483647;
			files = (
				8B7C9EB51B29D357000EB3BA /* CoreSpotlight.framework in Frameworks */,
			);
			runOnlyForDeploymentPostprocessing = 0;
		};
/* End PBXFrameworksBuildPhase section */

/* Begin PBXGroup section */
		7E2C1F8C1B29E7A500CC7297 /* Frameworks */ = {
			isa = PBXGroup;
			children = (
				8B7C9EB41B29D357000EB3BA /* CoreSpotlight.framework */,
			);
			name = Frameworks;
			sourceTree = "<group>";
		};
		8BAEF52A1B29C7D40027BF75 = {
			isa = PBXGroup;
			children = (
				8BAEF5351B29C7D40027BF75 /* AppSearchDemo */,
				8BAEF5341B29C7D40027BF75 /* Products */,
			);
			sourceTree = "<group>";
		};
		8BAEF5341B29C7D40027BF75 /* Products */ = {
			isa = PBXGroup;
			children = (
				8BAEF5331B29C7D40027BF75 /* AppSearchDemo.app */,
			);
			name = Products;
			sourceTree = "<group>";
		};
		8BAEF5351B29C7D40027BF75 /* AppSearchDemo */ = {
			isa = PBXGroup;
			children = (
				8BAEF5391B29C7D40027BF75 /* AppDelegate.h */,
				8BAEF53A1B29C7D40027BF75 /* AppDelegate.m */,
				7E2C1F891B29E55300CC7297 /* ASDDataManager.h */,
				7E2C1F8A1B29E55300CC7297 /* ASDDataManager.m */,
				8BAEF53C1B29C7D40027BF75 /* ASDMainViewController.h */,
				8BAEF53D1B29C7D40027BF75 /* ASDMainViewController.m */,
				8BAEF54D1B29CD750027BF75 /* ASDResultsVCViewController.h */,
				8BAEF54E1B29CD750027BF75 /* ASDResultsVCViewController.m */,
				8BAEF53F1B29C7D40027BF75 /* Main.storyboard */,
				8BAEF5421B29C7D40027BF75 /* Assets.xcassets */,
				8BAEF5441B29C7D40027BF75 /* LaunchScreen.storyboard */,
				8BAEF5471B29C7D40027BF75 /* Info.plist */,
				7E2C1F8C1B29E7A500CC7297 /* Frameworks */,
				8BAEF5361B29C7D40027BF75 /* Supporting Files */,
			);
			path = AppSearchDemo;
			sourceTree = "<group>";
		};
		8BAEF5361B29C7D40027BF75 /* Supporting Files */ = {
			isa = PBXGroup;
			children = (
				8BAEF5371B29C7D40027BF75 /* main.m */,
			);
			name = "Supporting Files";
			sourceTree = "<group>";
		};
/* End PBXGroup section */

/* Begin PBXNativeTarget section */
		8BAEF5321B29C7D40027BF75 /* AppSearchDemo */ = {
			isa = PBXNativeTarget;
			buildConfigurationList = 8BAEF54A1B29C7D40027BF75 /* Build configuration list for PBXNativeTarget "AppSearchDemo" */;
			buildPhases = (
				8BAEF52F1B29C7D40027BF75 /* Sources */,
				8BAEF5301B29C7D40027BF75 /* Frameworks */,
				8BAEF5311B29C7D40027BF75 /* Resources */,
			);
			buildRules = (
			);
			dependencies = (
			);
			name = AppSearchDemo;
			productName = AppSearchDemo;
			productReference = 8BAEF5331B29C7D40027BF75 /* AppSearchDemo.app */;
			productType = "com.apple.product-type.application";
		};
/* End PBXNativeTarget section */

/* Begin PBXProject section */
		8BAEF52B1B29C7D40027BF75 /* Project object */ = {
			isa = PBXProject;
			attributes = {
				LastUpgradeCheck = 0700;
				ORGANIZATIONNAME = WideEyedVision;
				TargetAttributes = {
					8BAEF5321B29C7D40027BF75 = {
						CreatedOnToolsVersion = 7.0;
					};
				};
			};
			buildConfigurationList = 8BAEF52E1B29C7D40027BF75 /* Build configuration list for PBXProject "AppSearchDemo" */;
			compatibilityVersion = "Xcode 3.2";
			developmentRegion = English;
			hasScannedForEncodings = 0;
			knownRegions = (
				en,
				Base,
			);
			mainGroup = 8BAEF52A1B29C7D40027BF75;
			productRefGroup = 8BAEF5341B29C7D40027BF75 /* Products */;
			projectDirPath = "";
			projectRoot = "";
			targets = (
				8BAEF5321B29C7D40027BF75 /* AppSearchDemo */,
			);
		};
/* End PBXProject section */

/* Begin PBXResourcesBuildPhase section */
		8BAEF5311B29C7D40027BF75 /* Resources */ = {
			isa = PBXResourcesBuildPhase;
			buildActionMask = 2147483647;
			files = (
				8BAEF5461B29C7D40027BF75 /* LaunchScreen.storyboard in Resources */,
				8BAEF5431B29C7D40027BF75 /* Assets.xcassets in Resources */,
				8BAEF5411B29C7D40027BF75 /* Main.storyboard in Resources */,
			);
			runOnlyForDeploymentPostprocessing = 0;
		};
/* End PBXResourcesBuildPhase section */

/* Begin PBXSourcesBuildPhase section */
		8BAEF52F1B29C7D40027BF75 /* Sources */ = {
			isa = PBXSourcesBuildPhase;
			buildActionMask = 2147483647;
			files = (
				8BAEF53E1B29C7D40027BF75 /* ASDMainViewController.m in Sources */,
				7E2C1F8B1B29E55300CC7297 /* ASDDataManager.m in Sources */,
				8BAEF54F1B29CD750027BF75 /* ASDResultsVCViewController.m in Sources */,
				8BAEF53B1B29C7D40027BF75 /* AppDelegate.m in Sources */,
				8BAEF5381B29C7D40027BF75 /* main.m in Sources */,
			);
			runOnlyForDeploymentPostprocessing = 0;
		};
/* End PBXSourcesBuildPhase section */

/* Begin PBXVariantGroup section */
		8BAEF53F1B29C7D40027BF75 /* Main.storyboard */ = {
			isa = PBXVariantGroup;
			children = (
				8BAEF5401B29C7D40027BF75 /* Base */,
			);
			name = Main.storyboard;
			sourceTree = "<group>";
		};
		8BAEF5441B29C7D40027BF75 /* LaunchScreen.storyboard */ = {
			isa = PBXVariantGroup;
			children = (
				8BAEF5451B29C7D40027BF75 /* Base */,
			);
			name = LaunchScreen.storyboard;
			sourceTree = "<group>";
		};
/* End PBXVariantGroup section */

/* Begin XCBuildConfiguration section */
		8BAEF5481B29C7D40027BF75 /* Debug */ = {
			isa = XCBuildConfiguration;
			buildSettings = {
				ALWAYS_SEARCH_USER_PATHS = NO;
				CLANG_CXX_LANGUAGE_STANDARD = "gnu++0x";
				CLANG_CXX_LIBRARY = "libc++";
				CLANG_ENABLE_MODULES = YES;
				CLANG_ENABLE_OBJC_ARC = YES;
				CLANG_WARN_BOOL_CONVERSION = YES;
				CLANG_WARN_CONSTANT_CONVERSION = YES;
				CLANG_WARN_DIRECT_OBJC_ISA_USAGE = YES_ERROR;
				CLANG_WARN_EMPTY_BODY = YES;
				CLANG_WARN_ENUM_CONVERSION = YES;
				CLANG_WARN_INT_CONVERSION = YES;
				CLANG_WARN_OBJC_ROOT_CLASS = YES_ERROR;
				CLANG_WARN_UNREACHABLE_CODE = YES;
				CLANG_WARN__DUPLICATE_METHOD_MATCH = YES;
				"CODE_SIGN_IDENTITY[sdk=iphoneos*]" = "iPhone Developer";
				COPY_PHASE_STRIP = NO;
				DEBUG_INFORMATION_FORMAT = dwarf;
				ENABLE_STRICT_OBJC_MSGSEND = YES;
				ENABLE_TESTABILITY = YES;
				GCC_C_LANGUAGE_STANDARD = gnu99;
				GCC_DYNAMIC_NO_PIC = NO;
				GCC_NO_COMMON_BLOCKS = YES;
				GCC_OPTIMIZATION_LEVEL = 0;
				GCC_PREPROCESSOR_DEFINITIONS = (
					"DEBUG=1",
					"$(inherited)",
				);
				GCC_WARN_64_TO_32_BIT_CONVERSION = YES;
				GCC_WARN_ABOUT_RETURN_TYPE = YES_ERROR;
				GCC_WARN_UNDECLARED_SELECTOR = YES;
				GCC_WARN_UNINITIALIZED_AUTOS = YES_AGGRESSIVE;
				GCC_WARN_UNUSED_FUNCTION = YES;
				GCC_WARN_UNUSED_VARIABLE = YES;
				IPHONEOS_DEPLOYMENT_TARGET = 9.0;
				MTL_ENABLE_DEBUG_INFO = YES;
				ONLY_ACTIVE_ARCH = YES;
				SDKROOT = iphoneos;
				TARGETED_DEVICE_FAMILY = 2;
			};
			name = Debug;
		};
		8BAEF5491B29C7D40027BF75 /* Release */ = {
			isa = XCBuildConfiguration;
			buildSettings = {
				ALWAYS_SEARCH_USER_PATHS = NO;
				CLANG_CXX_LANGUAGE_STANDARD = "gnu++0x";
				CLANG_CXX_LIBRARY = "libc++";
				CLANG_ENABLE_MODULES = YES;
				CLANG_ENABLE_OBJC_ARC = YES;
				CLANG_WARN_BOOL_CONVERSION = YES;
				CLANG_WARN_CONSTANT_CONVERSION = YES;
				CLANG_WARN_DIRECT_OBJC_ISA_USAGE = YES_ERROR;
				CLANG_WARN_EMPTY_BODY = YES;
				CLANG_WARN_ENUM_CONVERSION = YES;
				CLANG_WARN_INT_CONVERSION = YES;
				CLANG_WARN_OBJC_ROOT_CLASS = YES_ERROR;
				CLANG_WARN_UNREACHABLE_CODE = YES;
				CLANG_WARN__DUPLICATE_METHOD_MATCH = YES;
				"CODE_SIGN_IDENTITY[sdk=iphoneos*]" = "iPhone Developer";
				COPY_PHASE_STRIP = NO;
				DEBUG_INFORMATION_FORMAT = "dwarf-with-dsym";
				ENABLE_NS_ASSERTIONS = NO;
				ENABLE_STRICT_OBJC_MSGSEND = YES;
				GCC_C_LANGUAGE_STANDARD = gnu99;
				GCC_NO_COMMON_BLOCKS = YES;
				GCC_WARN_64_TO_32_BIT_CONVERSION = YES;
				GCC_WARN_ABOUT_RETURN_TYPE = YES_ERROR;
				GCC_WARN_UNDECLARED_SELECTOR = YES;
				GCC_WARN_UNINITIALIZED_AUTOS = YES_AGGRESSIVE;
				GCC_WARN_UNUSED_FUNCTION = YES;
				GCC_WARN_UNUSED_VARIABLE = YES;
				IPHONEOS_DEPLOYMENT_TARGET = 9.0;
				MTL_ENABLE_DEBUG_INFO = NO;
				SDKROOT = iphoneos;
				TARGETED_DEVICE_FAMILY = 2;
				VALIDATE_PRODUCT = YES;
			};
			name = Release;
		};
		8BAEF54B1B29C7D40027BF75 /* Debug */ = {
			isa = XCBuildConfiguration;
			buildSettings = {
				ASSETCATALOG_COMPILER_APPICON_NAME = AppIcon;
				INFOPLIST_FILE = AppSearchDemo/Info.plist;
				IPHONEOS_DEPLOYMENT_TARGET = 9.0;
				LD_RUNPATH_SEARCH_PATHS = "$(inherited) @executable_path/Frameworks";
				PRODUCT_BUNDLE_IDENTIFIER = com.WideEyedVision.AppSearchDemo;
				PRODUCT_NAME = "$(TARGET_NAME)";
				TARGETED_DEVICE_FAMILY = "1,2";
			};
			name = Debug;
		};
		8BAEF54C1B29C7D40027BF75 /* Release */ = {
			isa = XCBuildConfiguration;
			buildSettings = {
				ASSETCATALOG_COMPILER_APPICON_NAME = AppIcon;
				INFOPLIST_FILE = AppSearchDemo/Info.plist;
				IPHONEOS_DEPLOYMENT_TARGET = 9.0;
				LD_RUNPATH_SEARCH_PATHS = "$(inherited) @executable_path/Frameworks";
				PRODUCT_BUNDLE_IDENTIFIER = com.WideEyedVision.AppSearchDemo;
				PRODUCT_NAME = "$(TARGET_NAME)";
				TARGETED_DEVICE_FAMILY = "1,2";
			};
			name = Release;
		};
/* End XCBuildConfiguration section */

/* Begin XCConfigurationList section */
		8BAEF52E1B29C7D40027BF75 /* Build configuration list for PBXProject "AppSearchDemo" */ = {
			isa = XCConfigurationList;
			buildConfigurations = (
				8BAEF5481B29C7D40027BF75 /* Debug */,
				8BAEF5491B29C7D40027BF75 /* Release */,
			);
			defaultConfigurationIsVisible = 0;
			defaultConfigurationName = Release;
		};
		8BAEF54A1B29C7D40027BF75 /* Build configuration list for PBXNativeTarget "AppSearchDemo" */ = {
			isa = XCConfigurationList;
			buildConfigurations = (
				8BAEF54B1B29C7D40027BF75 /* Debug */,
				8BAEF54C1B29C7D40027BF75 /* Release */,
			);
			defaultConfigurationIsVisible = 0;
			defaultConfigurationName = Release;
		};
/* End XCConfigurationList section */
	};
	rootObject = 8BAEF52B1B29C7D40027BF75 /* Project object */;
}
